{
  "originHash" : "2d897f17d6e7cff59b1dbff36d15ebf0ce413783877658419942504641e5b4ce",
  "pins" : [
    {
      "identity" : "swift-syntax",
      "kind" : "remoteSourceControl",
      "location" : "https://github.com/swiftlang/swift-syntax.git",
      "state" : {
        "revision" : "79e4b74a295b6eb74a8b585e3a39d29e70c1dbd1",
        "version" : "603.0.2"
      }
    },
    {
      "identity" : "swiftclonable",
      "kind" : "remoteSourceControl",
      "location" : "https://github.com/dsrenesanse/SwiftClonable",
      "state" : {
        "branch" : "main",
        "revision" : "77e3dbfb7de22be7f9acf407ddc4f077f26be503"
      }
    }
  ],
  "version" : 3
}
